
Microsoft Visual Studio Solution File, Format Version 12.00
# Visual Studio 15
VisualStudioVersion = 15.0.28307.539
MinimumVisualStudioVersion = 10.0.40219.1
Project("{FAE04EC0-301F-11D3-BF4B-00C04F79EFBC}") = "GettingStartedLib", "GettingStartedLib\GettingStartedLib.csproj", "{9754CBDE-FE39-4C7D-B101-37BA2168DF14}"
EndProject
Project("{FAE04EC0-301F-11D3-BF4B-00C04F79EFBC}") = "GettingStartedHost", "GettingStartedHost\GettingStartedHost.csproj", "{77D59C13-E63C-4238-94F5-9E2A9BF0FC37}"
EndProject
Project("{FAE04EC0-301F-11D3-BF4B-00C04F79EFBC}") = "ClientDemo", "ClientDemo\ClientDemo.csproj", "{33075501-44D8-42A3-B1C9-AECBCE1F08D8}"
	ProjectSection(ProjectDependencies) = postProject
		{9754CBDE-FE39-4C7D-B101-37BA2168DF14} = {9754CBDE-FE39-4C7D-B101-37BA2168DF14}
	EndProjectSection
EndProject
Global
	GlobalSection(SolutionConfigurationPlatforms) = preSolution
		Debug|Any CPU = Debug|Any CPU
		Release|Any CPU = Release|Any CPU
	EndGlobalSection
	GlobalSection(ProjectConfigurationPlatforms) = postSolution
		{9754CBDE-FE39-4C7D-B101-37BA2168DF14}.Debug|Any CPU.ActiveCfg = Debug|Any CPU
		{9754CBDE-FE39-4C7D-B101-37BA2168DF14}.Debug|Any CPU.Build.0 = Debug|Any CPU
		{9754CBDE-FE39-4C7D-B101-37BA2168DF14}.Release|Any CPU.ActiveCfg = Release|Any CPU
		{9754CBDE-FE39-4C7D-B101-37BA2168DF14}.Release|Any CPU.Build.0 = Release|Any CPU
		{77D59C13-E63C-4238-94F5-9E2A9BF0FC37}.Debug|Any CPU.ActiveCfg = Debug|Any CPU
		{77D59C13-E63C-4238-94F5-9E2A9BF0FC37}.Debug|Any CPU.Build.0 = Debug|Any CPU
		{77D59C13-E63C-4238-94F5-9E2A9BF0FC37}.Release|Any CPU.ActiveCfg = Release|Any CPU
		{77D59C13-E63C-4238-94F5-9E2A9BF0FC37}.Release|Any CPU.Build.0 = Release|Any CPU
		{33075501-44D8-42A3-B1C9-AECBCE1F08D8}.Debug|Any CPU.ActiveCfg = Debug|Any CPU
		{33075501-44D8-42A3-B1C9-AECBCE1F08D8}.Debug|Any CPU.Build.0 = Debug|Any CPU
		{33075501-44D8-42A3-B1C9-AECBCE1F08D8}.Release|Any CPU.ActiveCfg = Release|Any CPU
		{33075501-44D8-42A3-B1C9-AECBCE1F08D8}.Release|Any CPU.Build.0 = Release|Any CPU
	EndGlobalSection
	GlobalSection(SolutionProperties) = preSolution
		HideSolutionNode = FALSE
	EndGlobalSection
	GlobalSection(ExtensibilityGlobals) = postSolution
		SolutionGuid = {76E4F5BE-A49A-43E8-BA41-F9B793D36514}
	EndGlobalSection
EndGlobal
