
Microsoft Visual Studio Solution File, Format Version 12.00
# Visual Studio 15
VisualStudioVersion = 15.0.28307.539
MinimumVisualStudioVersion = 10.0.40219.1
Project("{FAE04EC0-301F-11D3-BF4B-00C04F79EFBC}") = "Reflectiondemos", "Reflectiondemos\Reflectiondemos.csproj", "{106B26AD-88FA-4045-BBE2-DD276300253E}"
EndProject
Project("{FAE04EC0-301F-11D3-BF4B-00C04F79EFBC}") = "MathLibrary", "MathLibrary\MathLibrary.csproj", "{BAC870B5-0EED-4C47-9268-6BC48C28BC9B}"
EndProject
Global
	GlobalSection(SolutionConfigurationPlatforms) = preSolution
		Debug|Any CPU = Debug|Any CPU
		Release|Any CPU = Release|Any CPU
	EndGlobalSection
	GlobalSection(ProjectConfigurationPlatforms) = postSolution
		{106B26AD-88FA-4045-BBE2-DD276300253E}.Debug|Any CPU.ActiveCfg = Debug|Any CPU
		{106B26AD-88FA-4045-BBE2-DD276300253E}.Debug|Any CPU.Build.0 = Debug|Any CPU
		{106B26AD-88FA-4045-BBE2-DD276300253E}.Release|Any CPU.ActiveCfg = Release|Any CPU
		{106B26AD-88FA-4045-BBE2-DD276300253E}.Release|Any CPU.Build.0 = Release|Any CPU
		{BAC870B5-0EED-4C47-9268-6BC48C28BC9B}.Debug|Any CPU.ActiveCfg = Debug|Any CPU
		{BAC870B5-0EED-4C47-9268-6BC48C28BC9B}.Debug|Any CPU.Build.0 = Debug|Any CPU
		{BAC870B5-0EED-4C47-9268-6BC48C28BC9B}.Release|Any CPU.ActiveCfg = Release|Any CPU
		{BAC870B5-0EED-4C47-9268-6BC48C28BC9B}.Release|Any CPU.Build.0 = Release|Any CPU
	EndGlobalSection
	GlobalSection(SolutionProperties) = preSolution
		HideSolutionNode = FALSE
	EndGlobalSection
	GlobalSection(ExtensibilityGlobals) = postSolution
		SolutionGuid = {FA8BD55E-7F8E-4CA9-861C-E03723165356}
	EndGlobalSection
EndGlobal
