
Microsoft Visual Studio Solution File, Format Version 12.00
# Visual Studio 15
VisualStudioVersion = 15.0.28307.539
MinimumVisualStudioVersion = 10.0.40219.1
Project("{FAE04EC0-301F-11D3-BF4B-00C04F79EFBC}") = "SportsService", "SportsService\SportsService.csproj", "{0543EB12-19BC-4CE1-9265-22AC0338846D}"
EndProject
Project("{FAE04EC0-301F-11D3-BF4B-00C04F79EFBC}") = "SportsServiceHost", "SportsServiceHost\SportsServiceHost.csproj", "{384FF348-E1F6-4119-9ECA-CF1E1E8EF25E}"
EndProject
Project("{FAE04EC0-301F-11D3-BF4B-00C04F79EFBC}") = "SportsClient", "SportsClient\SportsClient.csproj", "{8B32E6F3-12C2-49E5-B3F8-CD89E6C6292B}"
EndProject
Global
	GlobalSection(SolutionConfigurationPlatforms) = preSolution
		Debug|Any CPU = Debug|Any CPU
		Release|Any CPU = Release|Any CPU
	EndGlobalSection
	GlobalSection(ProjectConfigurationPlatforms) = postSolution
		{0543EB12-19BC-4CE1-9265-22AC0338846D}.Debug|Any CPU.ActiveCfg = Debug|Any CPU
		{0543EB12-19BC-4CE1-9265-22AC0338846D}.Debug|Any CPU.Build.0 = Debug|Any CPU
		{0543EB12-19BC-4CE1-9265-22AC0338846D}.Release|Any CPU.ActiveCfg = Release|Any CPU
		{0543EB12-19BC-4CE1-9265-22AC0338846D}.Release|Any CPU.Build.0 = Release|Any CPU
		{384FF348-E1F6-4119-9ECA-CF1E1E8EF25E}.Debug|Any CPU.ActiveCfg = Debug|Any CPU
		{384FF348-E1F6-4119-9ECA-CF1E1E8EF25E}.Debug|Any CPU.Build.0 = Debug|Any CPU
		{384FF348-E1F6-4119-9ECA-CF1E1E8EF25E}.Release|Any CPU.ActiveCfg = Release|Any CPU
		{384FF348-E1F6-4119-9ECA-CF1E1E8EF25E}.Release|Any CPU.Build.0 = Release|Any CPU
		{8B32E6F3-12C2-49E5-B3F8-CD89E6C6292B}.Debug|Any CPU.ActiveCfg = Debug|Any CPU
		{8B32E6F3-12C2-49E5-B3F8-CD89E6C6292B}.Debug|Any CPU.Build.0 = Debug|Any CPU
		{8B32E6F3-12C2-49E5-B3F8-CD89E6C6292B}.Release|Any CPU.ActiveCfg = Release|Any CPU
		{8B32E6F3-12C2-49E5-B3F8-CD89E6C6292B}.Release|Any CPU.Build.0 = Release|Any CPU
	EndGlobalSection
	GlobalSection(SolutionProperties) = preSolution
		HideSolutionNode = FALSE
	EndGlobalSection
	GlobalSection(ExtensibilityGlobals) = postSolution
		SolutionGuid = {AF9A8E01-10D8-4EE9-BC63-7251E5E66B3E}
	EndGlobalSection
EndGlobal
