
Microsoft Visual Studio Solution File, Format Version 12.00
# Visual Studio 15
VisualStudioVersion = 15.0.28307.539
MinimumVisualStudioVersion = 10.0.40219.1
Project("{FAE04EC0-301F-11D3-BF4B-00C04F79EFBC}") = "MyServiceDemoforIIS", "MyServiceDemoforIIS\MyServiceDemoforIIS.csproj", "{70E9580D-7A79-42EB-B222-30B1211AA256}"
EndProject
Global
	GlobalSection(SolutionConfigurationPlatforms) = preSolution
		Debug|Any CPU = Debug|Any CPU
		Release|Any CPU = Release|Any CPU
	EndGlobalSection
	GlobalSection(ProjectConfigurationPlatforms) = postSolution
		{70E9580D-7A79-42EB-B222-30B1211AA256}.Debug|Any CPU.ActiveCfg = Debug|Any CPU
		{70E9580D-7A79-42EB-B222-30B1211AA256}.Debug|Any CPU.Build.0 = Debug|Any CPU
		{70E9580D-7A79-42EB-B222-30B1211AA256}.Release|Any CPU.ActiveCfg = Release|Any CPU
		{70E9580D-7A79-42EB-B222-30B1211AA256}.Release|Any CPU.Build.0 = Release|Any CPU
	EndGlobalSection
	GlobalSection(SolutionProperties) = preSolution
		HideSolutionNode = FALSE
	EndGlobalSection
	GlobalSection(ExtensibilityGlobals) = postSolution
		SolutionGuid = {B8C7B220-1DD8-4699-91BE-6BD7E59A6D9D}
	EndGlobalSection
EndGlobal
