
Microsoft Visual Studio Solution File, Format Version 12.00
# Visual Studio 15
VisualStudioVersion = 15.0.28307.539
MinimumVisualStudioVersion = 10.0.40219.1
Project("{FAE04EC0-301F-11D3-BF4B-00C04F79EFBC}") = "FileHandling", "FileHandling\FileHandling.csproj", "{DD2F25CF-121F-4C7A-9238-4F070984627D}"
EndProject
Global
	GlobalSection(SolutionConfigurationPlatforms) = preSolution
		Debug|Any CPU = Debug|Any CPU
		Release|Any CPU = Release|Any CPU
	EndGlobalSection
	GlobalSection(ProjectConfigurationPlatforms) = postSolution
		{DD2F25CF-121F-4C7A-9238-4F070984627D}.Debug|Any CPU.ActiveCfg = Debug|Any CPU
		{DD2F25CF-121F-4C7A-9238-4F070984627D}.Debug|Any CPU.Build.0 = Debug|Any CPU
		{DD2F25CF-121F-4C7A-9238-4F070984627D}.Release|Any CPU.ActiveCfg = Release|Any CPU
		{DD2F25CF-121F-4C7A-9238-4F070984627D}.Release|Any CPU.Build.0 = Release|Any CPU
	EndGlobalSection
	GlobalSection(SolutionProperties) = preSolution
		HideSolutionNode = FALSE
	EndGlobalSection
	GlobalSection(ExtensibilityGlobals) = postSolution
		SolutionGuid = {66D443DF-1046-438E-958A-A4E72587DCD2}
	EndGlobalSection
EndGlobal
